
Microsoft Visual Studio Solution File, Format Version 12.00
# Visual Studio Version 17
VisualStudioVersion = 17.8.34525.116
MinimumVisualStudioVersion = 10.0.40219.1
Project("{FAE04EC0-301F-11D3-BF4B-00C04F79EFBC}") = "CodeCoverageAnalyzer", "CodeCoverageAnalyzer.csproj", "{8111430A-A90F-4CB2-901E-D2A46B223642}"
EndProject
Global
	GlobalSection(SolutionConfigurationPlatforms) = preSolution
		Debug|Any CPU = Debug|Any CPU
		Release|Any CPU = Release|Any CPU
	EndGlobalSection
	GlobalSection(ProjectConfigurationPlatforms) = postSolution
		{8111430A-A90F-4CB2-901E-D2A46B223642}.Debug|Any CPU.ActiveCfg = Debug|Any CPU
		{8111430A-A90F-4CB2-901E-D2A46B223642}.Debug|Any CPU.Build.0 = Debug|Any CPU
		{8111430A-A90F-4CB2-901E-D2A46B223642}.Release|Any CPU.ActiveCfg = Release|Any CPU
		{8111430A-A90F-4CB2-901E-D2A46B223642}.Release|Any CPU.Build.0 = Release|Any CPU
	EndGlobalSection
	GlobalSection(SolutionProperties) = preSolution
		HideSolutionNode = FALSE
	EndGlobalSection
	GlobalSection(ExtensibilityGlobals) = postSolution
		SolutionGuid = {F6424A26-2A8D-43A2-B723-6E6DF7550EBF}
	EndGlobalSection
EndGlobal
